<?xml version="1.0" encoding="utf-8"?>
<Project ToolsVersion="4.0" xmlns="http://schemas.microsoft.com/developer/msbuild/2003">
  <ItemGroup>
    <Filter Include="Quelldateien">
      <UniqueIdentifier>{4FC737F1-C7A5-4376-A066-2A32D752A2FF}</UniqueIdentifier>
      <Extensions>cpp;c;cc;cxx;def;odl;idl;hpj;bat;asm;asmx</Extensions>
    </Filter>
    <Filter Include="Headerdateien">
      <UniqueIdentifier>{93995380-89BD-4b04-88EB-625FBE52EBFB}</UniqueIdentifier>
      <Extensions>h;hpp;hxx;hm;inl;inc;xsd</Extensions>
    </Filter>
    <Filter Include="Ressourcendateien">
      <UniqueIdentifier>{67DA6AB6-F800-4c08-8B7A-83BB121AAD01}</UniqueIdentifier>
      <Extensions>rc;ico;cur;bmp;dlg;rc2;rct;bin;rgs;gif;jpg;jpeg;jpe;resx;tiff;tif;png;wav</Extensions>
    </Filter>
  </ItemGroup>
  <ItemGroup>
    <ClCompile Include="Data\CallBack.cpp">
      <Filter>Quelldateien</Filter>
    </ClCompile>
    <ClCompile Include="PFD\circleGenerator.cpp">
      <Filter>Quelldateien</Filter>
    </ClCompile>
    <ClCompile Include="Data\Coordinate.cpp">
      <Filter>Quelldateien</Filter>
    </ClCompile>
    <ClCompile Include="Graphics\Coordinate2D.cpp">
      <Filter>Quelldateien</Filter>
    </ClCompile>
    <ClCompile Include="Graphics\Font.cpp">
      <Filter>Quelldateien</Filter>
    </ClCompile>
    <ClCompile Include="Data\GeocentricCoordinate.cpp">
      <Filter>Quelldateien</Filter>
    </ClCompile>
    <ClCompile Include="Data\GeographicCoordinate.cpp">
      <Filter>Quelldateien</Filter>
    </ClCompile>
    <ClCompile Include="PFD\geometryVariables.cpp">
      <Filter>Quelldateien</Filter>
    </ClCompile>
    <ClCompile Include="Graphics\Graphics.cpp">
      <Filter>Quelldateien</Filter>
    </ClCompile>
    <ClCompile Include="Graphics\GroupSprite.cpp">
      <Filter>Quelldateien</Filter>
    </ClCompile>
    <ClCompile Include="Graphics\ImageSprite.cpp">
      <Filter>Quelldateien</Filter>
    </ClCompile>
    <ClCompile Include="Graphics\LineSprite.cpp">
      <Filter>Quelldateien</Filter>
    </ClCompile>
    <ClCompile Include="main.cpp">
      <Filter>Quelldateien</Filter>
    </ClCompile>
    <ClCompile Include="Data\Matrix.cpp">
      <Filter>Quelldateien</Filter>
    </ClCompile>
    <ClCompile Include="Network\network.cpp">
      <Filter>Quelldateien</Filter>
    </ClCompile>
    <ClCompile Include="PFD\NetworkHandler.cpp">
      <Filter>Quelldateien</Filter>
    </ClCompile>
    <ClCompile Include="Graphics\Perspective.cpp">
      <Filter>Quelldateien</Filter>
    </ClCompile>
    <ClCompile Include="Graphics\RectSprite.cpp">
      <Filter>Quelldateien</Filter>
    </ClCompile>
    <ClCompile Include="Graphics\Sprite.cpp">
      <Filter>Quelldateien</Filter>
    </ClCompile>
    <ClCompile Include="PFD\TCPIP.cpp">
      <Filter>Quelldateien</Filter>
    </ClCompile>
    <ClCompile Include="Graphics\TextSprite.cpp">
      <Filter>Quelldateien</Filter>
    </ClCompile>
    <ClCompile Include="Graphics\Texture.cpp">
      <Filter>Quelldateien</Filter>
    </ClCompile>
    <ClCompile Include="PFD\tools.cpp">
      <Filter>Quelldateien</Filter>
    </ClCompile>
    <ClCompile Include="Data\TopocentricCoordinate.cpp">
      <Filter>Quelldateien</Filter>
    </ClCompile>
    <ClCompile Include="Data\TopocentricReference.cpp">
      <Filter>Quelldateien</Filter>
    </ClCompile>
    <ClCompile Include="PFD\UDP.cpp">
      <Filter>Quelldateien</Filter>
    </ClCompile>
    <ClCompile Include="Data\Vector.cpp">
      <Filter>Quelldateien</Filter>
    </ClCompile>
    <ClCompile Include="Graphics\ViewPort.cpp">
      <Filter>Quelldateien</Filter>
    </ClCompile>
    <ClCompile Include="EASY_SIM_CORE\EASY_SIM_CORE.cpp">
      <Filter>Quelldateien</Filter>
    </ClCompile>
    <ClCompile Include="Misc\Noise.cpp">
      <Filter>Quelldateien</Filter>
    </ClCompile>
    <ClCompile Include="EASY_SIM_CORE\TimeFrame.h">
      <Filter>Quelldateien</Filter>
    </ClCompile>
    <ClCompile Include="Misc\Camera.cpp">
      <Filter>Quelldateien</Filter>
    </ClCompile>
    <ClCompile Include="Misc\PerlinNoise.cpp">
      <Filter>Quelldateien</Filter>
    </ClCompile>
  </ItemGroup>
  <ItemGroup>
    <ClInclude Include="PFD\adi_background.h">
      <Filter>Headerdateien</Filter>
    </ClInclude>
    <ClInclude Include="Data\CallBack.h">
      <Filter>Headerdateien</Filter>
    </ClInclude>
    <ClInclude Include="PFD\circleGenerator.h">
      <Filter>Headerdateien</Filter>
    </ClInclude>
    <ClInclude Include="Data\colors.h">
      <Filter>Headerdateien</Filter>
    </ClInclude>
    <ClInclude Include="Graphics\colors.h">
      <Filter>Headerdateien</Filter>
    </ClInclude>
    <ClInclude Include="Data\constants.h">
      <Filter>Headerdateien</Filter>
    </ClInclude>
    <ClInclude Include="Data\Coordinate.h">
      <Filter>Headerdateien</Filter>
    </ClInclude>
    <ClInclude Include="Graphics\Coordinate2D.h">
      <Filter>Headerdateien</Filter>
    </ClInclude>
    <ClInclude Include="PFD\definitions.h">
      <Filter>Headerdateien</Filter>
    </ClInclude>
    <ClInclude Include="Graphics\Drawable.h">
      <Filter>Headerdateien</Filter>
    </ClInclude>
    <ClInclude Include="PFD\econv.h">
      <Filter>Headerdateien</Filter>
    </ClInclude>
    <ClInclude Include="FCC_LABEL_DEF.h">
      <Filter>Headerdateien</Filter>
    </ClInclude>
    <ClInclude Include="Graphics\Font.h">
      <Filter>Headerdateien</Filter>
    </ClInclude>
    <ClInclude Include="Data\GeocentricCoordinate.h">
      <Filter>Headerdateien</Filter>
    </ClInclude>
    <ClInclude Include="Data\GeographicCoordinate.h">
      <Filter>Headerdateien</Filter>
    </ClInclude>
    <ClInclude Include="PFD\geometryVariables.h">
      <Filter>Headerdateien</Filter>
    </ClInclude>
    <ClInclude Include="Graphics\gl_headers.h">
      <Filter>Headerdateien</Filter>
    </ClInclude>
    <ClInclude Include="Graphics\Graphics.h">
      <Filter>Headerdateien</Filter>
    </ClInclude>
    <ClInclude Include="Graphics\GroupSprite.h">
      <Filter>Headerdateien</Filter>
    </ClInclude>
    <ClInclude Include="Graphics\ImageSprite.h">
      <Filter>Headerdateien</Filter>
    </ClInclude>
    <ClInclude Include="PFD\labels.h">
      <Filter>Headerdateien</Filter>
    </ClInclude>
    <ClInclude Include="Graphics\LineSprite.h">
      <Filter>Headerdateien</Filter>
    </ClInclude>
    <ClInclude Include="Data\mathTools.h">
      <Filter>Headerdateien</Filter>
    </ClInclude>
    <ClInclude Include="Data\Matrix.h">
      <Filter>Headerdateien</Filter>
    </ClInclude>
    <ClInclude Include="Network\network.h">
      <Filter>Headerdateien</Filter>
    </ClInclude>
    <ClInclude Include="PFD\NetworkHandler.h">
      <Filter>Headerdateien</Filter>
    </ClInclude>
    <ClInclude Include="Graphics\Perspective.h">
      <Filter>Headerdateien</Filter>
    </ClInclude>
    <ClInclude Include="Graphics\RectSprite.h">
      <Filter>Headerdateien</Filter>
    </ClInclude>
    <ClInclude Include="Graphics\Sprite.h">
      <Filter>Headerdateien</Filter>
    </ClInclude>
    <ClInclude Include="PFD\structs.h">
      <Filter>Headerdateien</Filter>
    </ClInclude>
    <ClInclude Include="PFD\Structs1.h">
      <Filter>Headerdateien</Filter>
    </ClInclude>
    <ClInclude Include="PFD\TCPIP.h">
      <Filter>Headerdateien</Filter>
    </ClInclude>
    <ClInclude Include="PFD\TCPStructs.h">
      <Filter>Headerdateien</Filter>
    </ClInclude>
    <ClInclude Include="Graphics\TextSprite.h">
      <Filter>Headerdateien</Filter>
    </ClInclude>
    <ClInclude Include="Graphics\Texture.h">
      <Filter>Headerdateien</Filter>
    </ClInclude>
    <ClInclude Include="PFD\tools.h">
      <Filter>Headerdateien</Filter>
    </ClInclude>
    <ClInclude Include="Data\TopocentricCoordinate.h">
      <Filter>Headerdateien</Filter>
    </ClInclude>
    <ClInclude Include="Data\TopocentricReference.h">
      <Filter>Headerdateien</Filter>
    </ClInclude>
    <ClInclude Include="PFD\UDP.h">
      <Filter>Headerdateien</Filter>
    </ClInclude>
    <ClInclude Include="Misc\units.h">
      <Filter>Headerdateien</Filter>
    </ClInclude>
    <ClInclude Include="Data\Vector.h">
      <Filter>Headerdateien</Filter>
    </ClInclude>
    <ClInclude Include="Data\VectorMath.h">
      <Filter>Headerdateien</Filter>
    </ClInclude>
    <ClInclude Include="Graphics\ViewPort.h">
      <Filter>Headerdateien</Filter>
    </ClInclude>
    <ClInclude Include="EASY_SIM_CORE\EASY_SIM_CORE.h">
      <Filter>Headerdateien</Filter>
    </ClInclude>
    <ClInclude Include="Misc\Noise.h">
      <Filter>Headerdateien</Filter>
    </ClInclude>
    <ClInclude Include="Misc\RandomNumberGenerator.h">
      <Filter>Headerdateien</Filter>
    </ClInclude>
    <ClInclude Include="Misc\StaticDequeue.h">
      <Filter>Headerdateien</Filter>
    </ClInclude>
    <ClInclude Include="Misc\Camera.h">
      <Filter>Headerdateien</Filter>
    </ClInclude>
    <ClInclude Include="Misc\PerlinNoise.h">
      <Filter>Headerdateien</Filter>
    </ClInclude>
  </ItemGroup>
  <ItemGroup>
    <None Include="ClassDiagram11.cd" />
  </ItemGroup>
</Project>